
Microsoft Visual Studio Solution File, Format Version 12.00
Project("{FAE04EC0-301F-11D3-BF4B-00C04F79EFBC}") = "PlayingWithStreams", "PlayingWithStreams\PlayingWithStreams.csproj", "{FE9D63DD-4BBF-44D4-A218-F10E20AB7821}"
EndProject
Global
	GlobalSection(SolutionConfigurationPlatforms) = preSolution
		Debug|Any CPU = Debug|Any CPU
		Release|Any CPU = Release|Any CPU
	EndGlobalSection
	GlobalSection(ProjectConfigurationPlatforms) = postSolution
		{FE9D63DD-4BBF-44D4-A218-F10E20AB7821}.Debug|Any CPU.ActiveCfg = Debug|Any CPU
		{FE9D63DD-4BBF-44D4-A218-F10E20AB7821}.Debug|Any CPU.Build.0 = Debug|Any CPU
		{FE9D63DD-4BBF-44D4-A218-F10E20AB7821}.Release|Any CPU.ActiveCfg = Release|Any CPU
		{FE9D63DD-4BBF-44D4-A218-F10E20AB7821}.Release|Any CPU.Build.0 = Release|Any CPU
	EndGlobalSection
EndGlobal
